// !$*UTF8*$!
{
	archiveVersion = 1;
	classes = {
	};
	objectVersion = 46;
	objects = {

/* Begin PBXBuildFile section */
		3AF9410F1E1182730088E04E /* AppDelegate.swift in Sources */ = {isa = PBXBuildFile; fileRef = 3AF9410E1E1182730088E04E /* AppDelegate.swift */; };
		3AF941111E1182730088E04E /* ViewController.swift in Sources */ = {isa = PBXBuildFile; fileRef = 3AF941101E1182730088E04E /* ViewController.swift */; };
		3AF941141E1182730088E04E /* Main.storyboard in Resources */ = {isa = PBXBuildFile; fileRef = 3AF941121E1182730088E04E /* Main.storyboard */; };
		3AF941161E1182730088E04E /* Assets.xcassets in Resources */ = {isa = PBXBuildFile; fileRef = 3AF941151E1182730088E04E /* Assets.xcassets */; };
		3AF941191E1182730088E04E /* LaunchScreen.storyboard in Resources */ = {isa = PBXBuildFile; fileRef = 3AF941171E1182730088E04E /* LaunchScreen.storyboard */; };
		3AF941211E11A6490088E04E /* DataModel.swift in Sources */ = {isa = PBXBuildFile; fileRef = 3AF941201E11A6490088E04E /* DataModel.swift */; };
/* End PBXBuildFile section */

/* Begin PBXFileReference section */
		3AF9410B1E1182730088E04E /* ePickerView.app */ = {isa = PBXFileReference; explicitFileType = wrapper.application; includeInIndex = 0; path = ePickerView.app; sourceTree = BUILT_PRODUCTS_DIR; };
		3AF9410E1E1182730088E04E /* AppDelegate.swift */ = {isa = PBXFileReference; lastKnownFileType = sourcecode.swift; path = AppDelegate.swift; sourceTree = "<group>"; };
		3AF941101E1182730088E04E /* ViewController.swift */ = {isa = PBXFileReference; lastKnownFileType = sourcecode.swift; path = ViewController.swift; sourceTree = "<group>"; };
		3AF941131E1182730088E04E /* Base */ = {isa = PBXFileReference; lastKnownFileType = file.storyboard; name = Base; path = Base.lproj/Main.storyboard; sourceTree = "<group>"; };
		3AF941151E1182730088E04E /* Assets.xcassets */ = {isa = PBXFileReference; lastKnownFileType = folder.assetcatalog; path = Assets.xcassets; sourceTree = "<group>"; };
		3AF941181E1182730088E04E /* Base */ = {isa = PBXFileReference; lastKnownFileType = file.storyboard; name = Base; path = Base.lproj/LaunchScreen.storyboard; sourceTree = "<group>"; };
		3AF9411A1E1182730088E04E /* Info.plist */ = {isa = PBXFileReference; lastKnownFileType = text.plist.xml; path = Info.plist; sourceTree = "<group>"; };
		3AF941201E11A6490088E04E /* DataModel.swift */ = {isa = PBXFileReference; fileEncoding = 4; lastKnownFileType = sourcecode.swift; path = DataModel.swift; sourceTree = "<group>"; };
/* End PBXFileReference section */

/* Begin PBXFrameworksBuildPhase section */
		3AF941081E1182730088E04E /* Frameworks */ = {
			isa = PBXFrameworksBuildPhase;
			buildActionMask = 2147483647;
			files = (
			);
			runOnlyForDeploymentPostprocessing = 0;
		};
/* End PBXFrameworksBuildPhase section */

/* Begin PBXGroup section */
		3AF941021E1182730088E04E = {
			isa = PBXGroup;
			children = (
				3AF9410D1E1182730088E04E /* ePickerView */,
				3AF9410C1E1182730088E04E /* Products */,
			);
			sourceTree = "<group>";
		};
		3AF9410C1E1182730088E04E /* Products */ = {
			isa = PBXGroup;
			children = (
				3AF9410B1E1182730088E04E /* ePickerView.app */,
			);
			name = Products;
			sourceTree = "<group>";
		};
		3AF9410D1E1182730088E04E /* ePickerView */ = {
			isa = PBXGroup;
			children = (
				3AF9410E1E1182730088E04E /* AppDelegate.swift */,
				3AF941101E1182730088E04E /* ViewController.swift */,
				3AF941121E1182730088E04E /* Main.storyboard */,
				3AF941151E1182730088E04E /* Assets.xcassets */,
				3AF941171E1182730088E04E /* LaunchScreen.storyboard */,
				3AF9411A1E1182730088E04E /* Info.plist */,
				3AF941201E11A6490088E04E /* DataModel.swift */,
			);
			path = ePickerView;
			sourceTree = "<group>";
		};
/* End PBXGroup section */

/* Begin PBXNativeTarget section */
		3AF9410A1E1182730088E04E /* ePickerView */ = {
			isa = PBXNativeTarget;
			buildConfigurationList = 3AF9411D1E1182730088E04E /* Build configuration list for PBXNativeTarget "ePickerView" */;
			buildPhases = (
				3AF941071E1182730088E04E /* Sources */,
				3AF941081E1182730088E04E /* Frameworks */,
				3AF941091E1182730088E04E /* Resources */,
			);
			buildRules = (
			);
			dependencies = (
			);
			name = ePickerView;
			productName = ePickerView;
			productReference = 3AF9410B1E1182730088E04E /* ePickerView.app */;
			productType = "com.apple.product-type.application";
		};
/* End PBXNativeTarget section */

/* Begin PBXProject section */
		3AF941031E1182730088E04E /* Project object */ = {
			isa = PBXProject;
			attributes = {
				LastSwiftUpdateCheck = 0820;
				LastUpgradeCheck = 0820;
				ORGANIZATIONNAME = "Na Wu";
				TargetAttributes = {
					3AF9410A1E1182730088E04E = {
						CreatedOnToolsVersion = 8.2;
						DevelopmentTeam = 5E2483KWXM;
						ProvisioningStyle = Automatic;
					};
				};
			};
			buildConfigurationList = 3AF941061E1182730088E04E /* Build configuration list for PBXProject "ePickerView" */;
			compatibilityVersion = "Xcode 3.2";
			developmentRegion = English;
			hasScannedForEncodings = 0;
			knownRegions = (
				en,
				Base,
			);
			mainGroup = 3AF941021E1182730088E04E;
			productRefGroup = 3AF9410C1E1182730088E04E /* Products */;
			projectDirPath = "";
			projectRoot = "";
			targets = (
				3AF9410A1E1182730088E04E /* ePickerView */,
			);
		};
/* End PBXProject section */

/* Begin PBXResourcesBuildPhase section */
		3AF941091E1182730088E04E /* Resources */ = {
			isa = PBXResourcesBuildPhase;
			buildActionMask = 2147483647;
			files = (
				3AF941191E1182730088E04E /* LaunchScreen.storyboard in Resources */,
				3AF941161E1182730088E04E /* Assets.xcassets in Resources */,
				3AF941141E1182730088E04E /* Main.storyboard in Resources */,
			);
			runOnlyForDeploymentPostprocessing = 0;
		};
/* End PBXResourcesBuildPhase section */

/* Begin PBXSourcesBuildPhase section */
		3AF941071E1182730088E04E /* Sources */ = {
			isa = PBXSourcesBuildPhase;
			buildActionMask = 2147483647;
			files = (
				3AF941111E1182730088E04E /* ViewController.swift in Sources */,
				3AF9410F1E1182730088E04E /* AppDelegate.swift in Sources */,
				3AF941211E11A6490088E04E /* DataModel.swift in Sources */,
			);
			runOnlyForDeploymentPostprocessing = 0;
		};
/* End PBXSourcesBuildPhase section */

/* Begin PBXVariantGroup section */
		3AF941121E1182730088E04E /* Main.storyboard */ = {
			isa = PBXVariantGroup;
			children = (
				3AF941131E1182730088E04E /* Base */,
			);
			name = Main.storyboard;
			sourceTree = "<group>";
		};
		3AF941171E1182730088E04E /* LaunchScreen.storyboard */ = {
			isa = PBXVariantGroup;
			children = (
				3AF941181E1182730088E04E /* Base */,
			);
			name = LaunchScreen.storyboard;
			sourceTree = "<group>";
		};
/* End PBXVariantGroup section */

/* Begin XCBuildConfiguration section */
		3AF9411B1E1182730088E04E /* Debug */ = {
			isa = XCBuildConfiguration;
			buildSettings = {
				ALWAYS_SEARCH_USER_PATHS = NO;
				CLANG_ANALYZER_NONNULL = YES;
				CLANG_CXX_LANGUAGE_STANDARD = "gnu++0x";
				CLANG_CXX_LIBRARY = "libc++";
				CLANG_ENABLE_MODULES = YES;
				CLANG_ENABLE_OBJC_ARC = YES;
				CLANG_WARN_BOOL_CONVERSION = YES;
				CLANG_WARN_CONSTANT_CONVERSION = YES;
				CLANG_WARN_DIRECT_OBJC_ISA_USAGE = YES_ERROR;
				CLANG_WARN_DOCUMENTATION_COMMENTS = YES;
				CLANG_WARN_EMPTY_BODY = YES;
				CLANG_WARN_ENUM_CONVERSION = YES;
				CLANG_WARN_INFINITE_RECURSION = YES;
				CLANG_WARN_INT_CONVERSION = YES;
				CLANG_WARN_OBJC_ROOT_CLASS = YES_ERROR;
				CLANG_WARN_SUSPICIOUS_MOVE = YES;
				CLANG_WARN_UNREACHABLE_CODE = YES;
				CLANG_WARN__DUPLICATE_METHOD_MATCH = YES;
				"CODE_SIGN_IDENTITY[sdk=iphoneos*]" = "iPhone Developer";
				COPY_PHASE_STRIP = NO;
				DEBUG_INFORMATION_FORMAT = dwarf;
				ENABLE_STRICT_OBJC_MSGSEND = YES;
				ENABLE_TESTABILITY = YES;
				GCC_C_LANGUAGE_STANDARD = gnu99;
				GCC_DYNAMIC_NO_PIC = NO;
				GCC_NO_COMMON_BLOCKS = YES;
				GCC_OPTIMIZATION_LEVEL = 0;
				GCC_PREPROCESSOR_DEFINITIONS = (
					"DEBUG=1",
					"$(inherited)",
				);
				GCC_WARN_64_TO_32_BIT_CONVERSION = YES;
				GCC_WARN_ABOUT_RETURN_TYPE = YES_ERROR;
				GCC_WARN_UNDECLARED_SELECTOR = YES;
				GCC_WARN_UNINITIALIZED_AUTOS = YES_AGGRESSIVE;
				GCC_WARN_UNUSED_FUNCTION = YES;
				GCC_WARN_UNUSED_VARIABLE = YES;
				IPHONEOS_DEPLOYMENT_TARGET = 10.2;
				MTL_ENABLE_DEBUG_INFO = YES;
				ONLY_ACTIVE_ARCH = YES;
				SDKROOT = iphoneos;
				SWIFT_ACTIVE_COMPILATION_CONDITIONS = DEBUG;
				SWIFT_OPTIMIZATION_LEVEL = "-Onone";
				TARGETED_DEVICE_FAMILY = "1,2";
			};
			name = Debug;
		};
		3AF9411C1E1182730088E04E /* Release */ = {
			isa = XCBuildConfiguration;
			buildSettings = {
				ALWAYS_SEARCH_USER_PATHS = NO;
				CLANG_ANALYZER_NONNULL = YES;
				CLANG_CXX_LANGUAGE_STANDARD = "gnu++0x";
				CLANG_CXX_LIBRARY = "libc++";
				CLANG_ENABLE_MODULES = YES;
				CLANG_ENABLE_OBJC_ARC = YES;
				CLANG_WARN_BOOL_CONVERSION = YES;
				CLANG_WARN_CONSTANT_CONVERSION = YES;
				CLANG_WARN_DIRECT_OBJC_ISA_USAGE = YES_ERROR;
				CLANG_WARN_DOCUMENTATION_COMMENTS = YES;
				CLANG_WARN_EMPTY_BODY = YES;
				CLANG_WARN_ENUM_CONVERSION = YES;
				CLANG_WARN_INFINITE_RECURSION = YES;
				CLANG_WARN_INT_CONVERSION = YES;
				CLANG_WARN_OBJC_ROOT_CLASS = YES_ERROR;
				CLANG_WARN_SUSPICIOUS_MOVE = YES;
				CLANG_WARN_UNREACHABLE_CODE = YES;
				CLANG_WARN__DUPLICATE_METHOD_MATCH = YES;
				"CODE_SIGN_IDENTITY[sdk=iphoneos*]" = "iPhone Developer";
				COPY_PHASE_STRIP = NO;
				DEBUG_INFORMATION_FORMAT = "dwarf-with-dsym";
				ENABLE_NS_ASSERTIONS = NO;
				ENABLE_STRICT_OBJC_MSGSEND = YES;
				GCC_C_LANGUAGE_STANDARD = gnu99;
				GCC_NO_COMMON_BLOCKS = YES;
				GCC_WARN_64_TO_32_BIT_CONVERSION = YES;
				GCC_WARN_ABOUT_RETURN_TYPE = YES_ERROR;
				GCC_WARN_UNDECLARED_SELECTOR = YES;
				GCC_WARN_UNINITIALIZED_AUTOS = YES_AGGRESSIVE;
				GCC_WARN_UNUSED_FUNCTION = YES;
				GCC_WARN_UNUSED_VARIABLE = YES;
				IPHONEOS_DEPLOYMENT_TARGET = 10.2;
				MTL_ENABLE_DEBUG_INFO = NO;
				SDKROOT = iphoneos;
				SWIFT_OPTIMIZATION_LEVEL = "-Owholemodule";
				TARGETED_DEVICE_FAMILY = "1,2";
				VALIDATE_PRODUCT = YES;
			};
			name = Release;
		};
		3AF9411E1E1182730088E04E /* Debug */ = {
			isa = XCBuildConfiguration;
			buildSettings = {
				ASSETCATALOG_COMPILER_APPICON_NAME = AppIcon;
				DEVELOPMENT_TEAM = 5E2483KWXM;
				INFOPLIST_FILE = ePickerView/Info.plist;
				LD_RUNPATH_SEARCH_PATHS = "$(inherited) @executable_path/Frameworks";
				PRODUCT_BUNDLE_IDENTIFIER = NA.ePickerView;
				PRODUCT_NAME = "$(TARGET_NAME)";
				SWIFT_VERSION = 3.0;
			};
			name = Debug;
		};
		3AF9411F1E1182730088E04E /* Release */ = {
			isa = XCBuildConfiguration;
			buildSettings = {
				ASSETCATALOG_COMPILER_APPICON_NAME = AppIcon;
				DEVELOPMENT_TEAM = 5E2483KWXM;
				INFOPLIST_FILE = ePickerView/Info.plist;
				LD_RUNPATH_SEARCH_PATHS = "$(inherited) @executable_path/Frameworks";
				PRODUCT_BUNDLE_IDENTIFIER = NA.ePickerView;
				PRODUCT_NAME = "$(TARGET_NAME)";
				SWIFT_VERSION = 3.0;
			};
			name = Release;
		};
/* End XCBuildConfiguration section */

/* Begin XCConfigurationList section */
		3AF941061E1182730088E04E /* Build configuration list for PBXProject "ePickerView" */ = {
			isa = XCConfigurationList;
			buildConfigurations = (
				3AF9411B1E1182730088E04E /* Debug */,
				3AF9411C1E1182730088E04E /* Release */,
			);
			defaultConfigurationIsVisible = 0;
			defaultConfigurationName = Release;
		};
		3AF9411D1E1182730088E04E /* Build configuration list for PBXNativeTarget "ePickerView" */ = {
			isa = XCConfigurationList;
			buildConfigurations = (
				3AF9411E1E1182730088E04E /* Debug */,
				3AF9411F1E1182730088E04E /* Release */,
			);
			defaultConfigurationIsVisible = 0;
		};
/* End XCConfigurationList section */
	};
	rootObject = 3AF941031E1182730088E04E /* Project object */;
}
